{
  "nodes": {
    "brew-src": {
      "flake": false,
      "locked": {
        "lastModified": 1785146564,
        "narHash": "sha256-Sa7/HrfB04H32OJ7/ofxXjiZEbkWtCNOriONYYTL1OA=",
        "owner": "Homebrew",
        "repo": "brew",
        "rev": "b2cfc03346d482f79886de108fee5dc49a6efc10",
        "type": "github"
      },
      "original": {
        "owner": "Homebrew",
        "ref": "6.0.13",
        "repo": "brew",
        "type": "github"
      }
    },
    "hjem": {
      "inputs": {
        "nix-darwin": [
          "nix-darwin"
        ],
        "nixpkgs": [
          "nixpkgs"
        ]
      },
      "locked": {
        "lastModified": 1780971222,
        "narHash": "sha256-q4+HMlbi80dbN4KfFxhO84MEBMQE0E87ShbNKXOKLao=",
        "owner": "feel-co",
        "repo": "hjem",
        "rev": "3aaf5f238fb3b2f9efdc926e6024730636f0de23",
        "type": "github"
      },
      "original": {
        "owner": "feel-co",
        "repo": "hjem",
        "type": "github"
      }
    },
    "nix-darwin": {
      "inputs": {
        "nixpkgs": [
          "nixpkgs"
        ]
      },
      "locked": {
        "lastModified": 1781242433,
        "narHash": "sha256-bchLZZ3sRn740zyvD2icZSnNoTaanN0nw7l6fjVXO+E=",
        "owner": "nix-darwin",
        "repo": "nix-darwin",
        "rev": "aabb2037edfc0f210723b72cd5f528aab5dd3f0b",
        "type": "github"
      },
      "original": {
        "owner": "nix-darwin",
        "ref": "master",
        "repo": "nix-darwin",
        "type": "github"
      }
    },
    "nix-homebrew": {
      "inputs": {
        "brew-src": "brew-src"
      },
      "locked": {
        "lastModified": 1785544760,
        "narHash": "sha256-qV6OoNuly4ntqpCg7esIeJjUboxSnQNlLPxz+y5h9/o=",
        "owner": "zhaofengli",
        "repo": "nix-homebrew",
        "rev": "937ce52c7d046310571f3a070713804ead496843",
        "type": "github"
      },
      "original": {
        "owner": "zhaofengli",
        "repo": "nix-homebrew",
        "type": "github"
      }
    },
    "nixpkgs": {
      "locked": {
        "lastModified": 1790578696,
        "narHash": "sha256-ZoxIApko70jCdbH3l20HWXOBaT2HZd87orzd2yJ9dVE=",
        "owner": "nixos",
        "repo": "nixpkgs",
        "rev": "7a0f122f5090cf4c2ade2a13a0e229d4e19ba71f",
        "type": "github"
      },
      "original": {
        "owner": "nixos",
        "ref": "nixos-unstable",
        "repo": "nixpkgs",
        "type": "github"
      }
    },
    "root": {
      "inputs": {
        "hjem": "hjem",
        "nix-darwin": "nix-darwin",
        "nix-homebrew": "nix-homebrew",
        "nixpkgs": "nixpkgs",
        "spicetify-nix": "spicetify-nix",
        "treefmt-nix": "treefmt-nix"
      }
    },
    "spicetify-nix": {
      "inputs": {
        "nixpkgs": [
          "nixpkgs"
        ],
        "systems": "systems"
      },
      "locked": {
        "lastModified": 1781425310,
        "narHash": "sha256-GTBka4Df/ZOacmisI/DI2LICyNChEqn/giah83LucdM=",
        "owner": "Gerg-L",
        "repo": "spicetify-nix",
        "rev": "aeaf7c81a45d3761da61cb05bfc370ac6d1b0441",
        "type": "github"
      },
      "original": {
        "owner": "Gerg-L",
        "repo": "spicetify-nix",
        "type": "github"
      }
    },
    "systems": {
      "locked": {
        "lastModified": 1681028828,
        "narHash": "sha256-Vy1rq5AaRuLzOxct8nz4T6wlgyUR7zLU309k9mBC768=",
        "owner": "nix-systems",
        "repo": "default",
        "rev": "da67096a3b9bf56a91d16901293e51ba5b49a27e",
        "type": "github"
      },
      "original": {
        "owner": "nix-systems",
        "repo": "default",
        "type": "github"
      }
    },
    "treefmt-nix": {
      "inputs": {
        "nixpkgs": [
          "nixpkgs"
        ]
      },
      "locked": {
        "lastModified": 1780220602,
        "narHash": "sha256-eynAfOmbmxJnkp7YewvCEbShNnnYJ9gLLqkzsYtBPeM=",
        "owner": "numtide",
        "repo": "treefmt-nix",
        "rev": "db947814a175b7ca6ded66e21383d938df01c227",
        "type": "github"
      },
      "original": {
        "owner": "numtide",
        "repo": "treefmt-nix",
        "type": "github"
      }
    }
  },
  "root": "root",
  "version": 7
}
